# This file is automatically @generated by Poetry and should not be changed by hand.

[[package]]
name = "nuitka"
version = "1.3.5"
description = "Python compiler with full language support and CPython compatibility"
category = "main"
optional = false
python-versions = "*"
files = [
    {file = "Nuitka-1.3.5.tar.gz", hash = "sha256:5c7438638b5186e278f40db03c83b198b5fad81c192dffe86f0624101f379158"},
]

[metadata]
lock-version = "2.0"
python-versions = "^3.10"
content-hash = "982c55fa1cab84dd3ca1a93c2addd6417c38b93aaddacf17468a2bbdfdf6c674"
